
Microsoft Visual Studio Solution File, Format Version 12.00
# Visual Studio Version 18
VisualStudioVersion = 18.0.11205.157
MinimumVisualStudioVersion = 10.0.40219.1
Project("{C7167F0D-BC9F-4E6E-AFE1-012C56B48DB5}") = "ArlaNatureConnect.WinUI (Package)", "src\ArlaNatureConnect.WinUI\ArlaNatureConnect.WinUI (Package)\ArlaNatureConnect.WinUI (Package).wapproj", "{EED6D5B4-20AF-4C13-879B-8147E2CC1468}"
EndProject
Project("{FAE04EC0-301F-11D3-BF4B-00C04F79EFBC}") = "ArlaNatureConnect.WinUI", "src\ArlaNatureConnect.WinUI\ArlaNatureConnect.WinUI\ArlaNatureConnect.WinUI.csproj", "{106B0AF8-B0BE-4DA6-A903-83C647B779E2}"
EndProject
Project("{FAE04EC0-301F-11D3-BF4B-00C04F79EFBC}") = "ArlaNatureConnect.Domain", "src\ArlaNatureConnect.Domain\ArlaNatureConnect.Domain.csproj", "{90C04D5E-799D-4F64-AA6F-529D7723735E}"
EndProject
Project("{FAE04EC0-301F-11D3-BF4B-00C04F79EFBC}") = "ArlaNatureConnect.Infrastructure", "src\ArlaNatureConnect.Infrastructure\ArlaNatureConnect.Infrastructure.csproj", "{EEC4F64B-1078-4E55-81B0-EDB9B2F7D194}"
EndProject
Project("{FAE04EC0-301F-11D3-BF4B-00C04F79EFBC}") = "ArlaNatureConnect.Core", "src\ArlaNatureConnect.Core\ArlaNatureConnect.Core.csproj", "{12AE00D6-9333-4C1E-961D-CB29E1190475}"
EndProject
Project("{2150E333-8FDC-42A3-9474-1A3956D46DE8}") = "tests", "tests", "{02EA681E-C7D8-13C7-8484-4AC65E1B71E8}"
EndProject
Project("{FAE04EC0-301F-11D3-BF4B-00C04F79EFBC}") = "TestCore", "tests\ArlaNatureConnect\TestCore\TestCore.csproj", "{1AC39A9F-329E-4159-AD52-C7C621EE8599}"
EndProject
Project("{FAE04EC0-301F-11D3-BF4B-00C04F79EFBC}") = "TestInfrastructure", "tests\ArlaNatureConnect\TestInfrastructure\TestInfrastructure.csproj", "{2C66F8CD-5134-A558-5A05-D3D4825A5918}"
EndProject
Project("{2150E333-8FDC-42A3-9474-1A3956D46DE8}") = "docs", "docs", "{11064DD0-6EF3-4589-BFD4-DC537E9DABED}"
	ProjectSection(SolutionItems) = preProject
		CONTRIBUTING.md = CONTRIBUTING.md
		README.md = README.md
	EndProjectSection
EndProject
Project("{2150E333-8FDC-42A3-9474-1A3956D46DE8}") = "wiki", "wiki", "{80918B60-71E9-4DCF-BCCC-D5F0A9BA51F9}"
EndProject
Project("{2150E333-8FDC-42A3-9474-1A3956D46DE8}") = "services", "services", "{47FFAC2E-AC9F-4D43-B453-7A9902CCFDD2}"
	ProjectSection(SolutionItems) = preProject
		docs\wiki\Core\Services\AppMessageService.md = docs\wiki\Core\Services\AppMessageService.md
		docs\wiki\Core\Services\ConnectionStringService.md = docs\wiki\Core\Services\ConnectionStringService.md
		docs\wiki\Core\Services\StatusInfoService.md = docs\wiki\Core\Services\StatusInfoService.md
	EndProjectSection
EndProject
Project("{2150E333-8FDC-42A3-9474-1A3956D46DE8}") = "abstract", "abstract", "{1B329CD9-CD2D-4C29-BD30-81355E41C46B}"
	ProjectSection(SolutionItems) = preProject
		docs\wiki\Winui\ViewModels\Abstract\CRUDViewModelBase.md = docs\wiki\Winui\ViewModels\Abstract\CRUDViewModelBase.md
		docs\wiki\Winui\ViewModels\Abstract\ListViewModelBase.md = docs\wiki\Winui\ViewModels\Abstract\ListViewModelBase.md
		docs\wiki\Winui\ViewModels\Abstract\ViewModelBase.md = docs\wiki\Winui\ViewModels\Abstract\ViewModelBase.md
	EndProjectSection
EndProject
Project("{FAE04EC0-301F-11D3-BF4B-00C04F79EFBC}") = "TestWinUI", "tests\ArlaNatureConnect\TestWinUI\TestWinUI.csproj", "{37C1F8FE-DE22-97E6-6CF3-BA5B3E6C49CF}"
EndProject
Project("{2150E333-8FDC-42A3-9474-1A3956D46DE8}") = "core", "core", "{74CDC9D1-7EBB-48B7-85C4-E68CEC56BF36}"
EndProject
Project("{2150E333-8FDC-42A3-9474-1A3956D46DE8}") = "winui", "winui", "{BB7D5AD7-DFCB-4B00-B0A6-55B33E03155F}"
EndProject
Project("{2150E333-8FDC-42A3-9474-1A3956D46DE8}") = "infrastructure", "infrastructure", "{83A35DE6-EAA7-41CE-A9AA-1ABDCF39E692}"
EndProject
Project("{2150E333-8FDC-42A3-9474-1A3956D46DE8}") = "domain", "domain", "{3C897853-94FB-48E5-9F4A-29003454B282}"
EndProject
Project("{2150E333-8FDC-42A3-9474-1A3956D46DE8}") = "viewmodels", "viewmodels", "{F3DB8AE3-929A-480B-B00E-529C37627F47}"
EndProject
Project("{2150E333-8FDC-42A3-9474-1A3956D46DE8}") = "Views", "Views", "{A9D8A719-E4E0-4921-BF47-134E9490701C}"
EndProject
Project("{2150E333-8FDC-42A3-9474-1A3956D46DE8}") = "Pages", "Pages", "{35461FFC-251D-442C-A019-591C50C46FF7}"
	ProjectSection(SolutionItems) = preProject
		docs\wiki\Winui\Views\Pages\Abstract\NavPage.md = docs\wiki\Winui\Views\Pages\Abstract\NavPage.md
	EndProjectSection
EndProject
Project("{2150E333-8FDC-42A3-9474-1A3956D46DE8}") = "sql", "sql", "{E730371B-D1F5-45B6-87BF-897ED515BDC3}"
	ProjectSection(SolutionItems) = preProject
		docs\sql\DDL.sql = docs\sql\DDL.sql
		docs\sql\DML.sql = docs\sql\DML.sql
	EndProjectSection
EndProject
Global
	GlobalSection(SolutionConfigurationPlatforms) = preSolution
		Debug|ARM64 = Debug|ARM64
		Debug|x64 = Debug|x64
		Debug|x86 = Debug|x86
		Release|ARM64 = Release|ARM64
		Release|x64 = Release|x64
		Release|x86 = Release|x86
	EndGlobalSection
	GlobalSection(ProjectConfigurationPlatforms) = postSolution
		{EED6D5B4-20AF-4C13-879B-8147E2CC1468}.Debug|ARM64.ActiveCfg = Debug|ARM64
		{EED6D5B4-20AF-4C13-879B-8147E2CC1468}.Debug|ARM64.Build.0 = Debug|ARM64
		{EED6D5B4-20AF-4C13-879B-8147E2CC1468}.Debug|ARM64.Deploy.0 = Debug|ARM64
		{EED6D5B4-20AF-4C13-879B-8147E2CC1468}.Debug|x64.ActiveCfg = Debug|x64
		{EED6D5B4-20AF-4C13-879B-8147E2CC1468}.Debug|x64.Build.0 = Debug|x64
		{EED6D5B4-20AF-4C13-879B-8147E2CC1468}.Debug|x64.Deploy.0 = Debug|x64
		{EED6D5B4-20AF-4C13-879B-8147E2CC1468}.Debug|x86.ActiveCfg = Debug|x86
		{EED6D5B4-20AF-4C13-879B-8147E2CC1468}.Debug|x86.Build.0 = Debug|x86
		{EED6D5B4-20AF-4C13-879B-8147E2CC1468}.Debug|x86.Deploy.0 = Debug|x86
		{EED6D5B4-20AF-4C13-879B-8147E2CC1468}.Release|ARM64.ActiveCfg = Release|ARM64
		{EED6D5B4-20AF-4C13-879B-8147E2CC1468}.Release|ARM64.Build.0 = Release|ARM64
		{EED6D5B4-20AF-4C13-879B-8147E2CC1468}.Release|ARM64.Deploy.0 = Release|ARM64
		{EED6D5B4-20AF-4C13-879B-8147E2CC1468}.Release|x64.ActiveCfg = Release|x64
		{EED6D5B4-20AF-4C13-879B-8147E2CC1468}.Release|x64.Build.0 = Release|x64
		{EED6D5B4-20AF-4C13-879B-8147E2CC1468}.Release|x64.Deploy.0 = Release|x64
		{EED6D5B4-20AF-4C13-879B-8147E2CC1468}.Release|x86.ActiveCfg = Release|x86
		{EED6D5B4-20AF-4C13-879B-8147E2CC1468}.Release|x86.Build.0 = Release|x86
		{EED6D5B4-20AF-4C13-879B-8147E2CC1468}.Release|x86.Deploy.0 = Release|x86
		{106B0AF8-B0BE-4DA6-A903-83C647B779E2}.Debug|ARM64.ActiveCfg = Debug|ARM64
		{106B0AF8-B0BE-4DA6-A903-83C647B779E2}.Debug|ARM64.Build.0 = Debug|ARM64
		{106B0AF8-B0BE-4DA6-A903-83C647B779E2}.Debug|x64.ActiveCfg = Debug|x64
		{106B0AF8-B0BE-4DA6-A903-83C647B779E2}.Debug|x64.Build.0 = Debug|x64
		{106B0AF8-B0BE-4DA6-A903-83C647B779E2}.Debug|x86.ActiveCfg = Debug|x86
		{106B0AF8-B0BE-4DA6-A903-83C647B779E2}.Debug|x86.Build.0 = Debug|x86
		{106B0AF8-B0BE-4DA6-A903-83C647B779E2}.Release|ARM64.ActiveCfg = Release|ARM64
		{106B0AF8-B0BE-4DA6-A903-83C647B779E2}.Release|ARM64.Build.0 = Release|ARM64
		{106B0AF8-B0BE-4DA6-A903-83C647B779E2}.Release|x64.ActiveCfg = Release|x64
		{106B0AF8-B0BE-4DA6-A903-83C647B779E2}.Release|x64.Build.0 = Release|x64
		{106B0AF8-B0BE-4DA6-A903-83C647B779E2}.Release|x86.ActiveCfg = Release|x86
		{106B0AF8-B0BE-4DA6-A903-83C647B779E2}.Release|x86.Build.0 = Release|x86
		{90C04D5E-799D-4F64-AA6F-529D7723735E}.Debug|ARM64.ActiveCfg = Debug|Any CPU
		{90C04D5E-799D-4F64-AA6F-529D7723735E}.Debug|ARM64.Build.0 = Debug|Any CPU
		{90C04D5E-799D-4F64-AA6F-529D7723735E}.Debug|x64.ActiveCfg = Debug|Any CPU
		{90C04D5E-799D-4F64-AA6F-529D7723735E}.Debug|x64.Build.0 = Debug|Any CPU
		{90C04D5E-799D-4F64-AA6F-529D7723735E}.Debug|x86.ActiveCfg = Debug|Any CPU
		{90C04D5E-799D-4F64-AA6F-529D7723735E}.Debug|x86.Build.0 = Debug|Any CPU
		{90C04D5E-799D-4F64-AA6F-529D7723735E}.Release|ARM64.ActiveCfg = Release|Any CPU
		{90C04D5E-799D-4F64-AA6F-529D7723735E}.Release|ARM64.Build.0 = Release|Any CPU
		{90C04D5E-799D-4F64-AA6F-529D7723735E}.Release|x64.ActiveCfg = Release|Any CPU
		{90C04D5E-799D-4F64-AA6F-529D7723735E}.Release|x64.Build.0 = Release|Any CPU
		{90C04D5E-799D-4F64-AA6F-529D7723735E}.Release|x86.ActiveCfg = Release|Any CPU
		{90C04D5E-799D-4F64-AA6F-529D7723735E}.Release|x86.Build.0 = Release|Any CPU
		{EEC4F64B-1078-4E55-81B0-EDB9B2F7D194}.Debug|ARM64.ActiveCfg = Debug|Any CPU
		{EEC4F64B-1078-4E55-81B0-EDB9B2F7D194}.Debug|ARM64.Build.0 = Debug|Any CPU
		{EEC4F64B-1078-4E55-81B0-EDB9B2F7D194}.Debug|x64.ActiveCfg = Debug|Any CPU
		{EEC4F64B-1078-4E55-81B0-EDB9B2F7D194}.Debug|x64.Build.0 = Debug|Any CPU
		{EEC4F64B-1078-4E55-81B0-EDB9B2F7D194}.Debug|x86.ActiveCfg = Debug|Any CPU
		{EEC4F64B-1078-4E55-81B0-EDB9B2F7D194}.Debug|x86.Build.0 = Debug|Any CPU
		{EEC4F64B-1078-4E55-81B0-EDB9B2F7D194}.Release|ARM64.ActiveCfg = Release|Any CPU
		{EEC4F64B-1078-4E55-81B0-EDB9B2F7D194}.Release|ARM64.Build.0 = Release|Any CPU
		{EEC4F64B-1078-4E55-81B0-EDB9B2F7D194}.Release|x64.ActiveCfg = Release|Any CPU
		{EEC4F64B-1078-4E55-81B0-EDB9B2F7D194}.Release|x64.Build.0 = Release|Any CPU
		{EEC4F64B-1078-4E55-81B0-EDB9B2F7D194}.Release|x86.ActiveCfg = Release|Any CPU
		{EEC4F64B-1078-4E55-81B0-EDB9B2F7D194}.Release|x86.Build.0 = Release|Any CPU
		{12AE00D6-9333-4C1E-961D-CB29E1190475}.Debug|ARM64.ActiveCfg = Debug|Any CPU
		{12AE00D6-9333-4C1E-961D-CB29E1190475}.Debug|ARM64.Build.0 = Debug|Any CPU
		{12AE00D6-9333-4C1E-961D-CB29E1190475}.Debug|x64.ActiveCfg = Debug|Any CPU
		{12AE00D6-9333-4C1E-961D-CB29E1190475}.Debug|x64.Build.0 = Debug|Any CPU
		{12AE00D6-9333-4C1E-961D-CB29E1190475}.Debug|x86.ActiveCfg = Debug|Any CPU
		{12AE00D6-9333-4C1E-961D-CB29E1190475}.Debug|x86.Build.0 = Debug|Any CPU
		{12AE00D6-9333-4C1E-961D-CB29E1190475}.Release|ARM64.ActiveCfg = Release|Any CPU
		{12AE00D6-9333-4C1E-961D-CB29E1190475}.Release|ARM64.Build.0 = Release|Any CPU
		{12AE00D6-9333-4C1E-961D-CB29E1190475}.Release|x64.ActiveCfg = Release|Any CPU
		{12AE00D6-9333-4C1E-961D-CB29E1190475}.Release|x64.Build.0 = Release|Any CPU
		{12AE00D6-9333-4C1E-961D-CB29E1190475}.Release|x86.ActiveCfg = Release|Any CPU
		{12AE00D6-9333-4C1E-961D-CB29E1190475}.Release|x86.Build.0 = Release|Any CPU
		{1AC39A9F-329E-4159-AD52-C7C621EE8599}.Debug|ARM64.ActiveCfg = Debug|Any CPU
		{1AC39A9F-329E-4159-AD52-C7C621EE8599}.Debug|ARM64.Build.0 = Debug|Any CPU
		{1AC39A9F-329E-4159-AD52-C7C621EE8599}.Debug|x64.ActiveCfg = Debug|Any CPU
		{1AC39A9F-329E-4159-AD52-C7C621EE8599}.Debug|x64.Build.0 = Debug|Any CPU
		{1AC39A9F-329E-4159-AD52-C7C621EE8599}.Debug|x86.ActiveCfg = Debug|Any CPU
		{1AC39A9F-329E-4159-AD52-C7C621EE8599}.Debug|x86.Build.0 = Debug|Any CPU
		{1AC39A9F-329E-4159-AD52-C7C621EE8599}.Release|ARM64.ActiveCfg = Release|Any CPU
		{1AC39A9F-329E-4159-AD52-C7C621EE8599}.Release|ARM64.Build.0 = Release|Any CPU
		{1AC39A9F-329E-4159-AD52-C7C621EE8599}.Release|x64.ActiveCfg = Release|Any CPU
		{1AC39A9F-329E-4159-AD52-C7C621EE8599}.Release|x64.Build.0 = Release|Any CPU
		{1AC39A9F-329E-4159-AD52-C7C621EE8599}.Release|x86.ActiveCfg = Release|Any CPU
		{1AC39A9F-329E-4159-AD52-C7C621EE8599}.Release|x86.Build.0 = Release|Any CPU
		{2C66F8CD-5134-A558-5A05-D3D4825A5918}.Debug|ARM64.ActiveCfg = Debug|Any CPU
		{2C66F8CD-5134-A558-5A05-D3D4825A5918}.Debug|ARM64.Build.0 = Debug|Any CPU
		{2C66F8CD-5134-A558-5A05-D3D4825A5918}.Debug|x64.ActiveCfg = Debug|Any CPU
		{2C66F8CD-5134-A558-5A05-D3D4825A5918}.Debug|x64.Build.0 = Debug|Any CPU
		{2C66F8CD-5134-A558-5A05-D3D4825A5918}.Debug|x86.ActiveCfg = Debug|Any CPU
		{2C66F8CD-5134-A558-5A05-D3D4825A5918}.Debug|x86.Build.0 = Debug|Any CPU
		{2C66F8CD-5134-A558-5A05-D3D4825A5918}.Release|ARM64.ActiveCfg = Release|Any CPU
		{2C66F8CD-5134-A558-5A05-D3D4825A5918}.Release|ARM64.Build.0 = Release|Any CPU
		{2C66F8CD-5134-A558-5A05-D3D4825A5918}.Release|x64.ActiveCfg = Release|Any CPU
		{2C66F8CD-5134-A558-5A05-D3D4825A5918}.Release|x64.Build.0 = Release|Any CPU
		{2C66F8CD-5134-A558-5A05-D3D4825A5918}.Release|x86.ActiveCfg = Release|Any CPU
		{2C66F8CD-5134-A558-5A05-D3D4825A5918}.Release|x86.Build.0 = Release|Any CPU
		{37C1F8FE-DE22-97E6-6CF3-BA5B3E6C49CF}.Debug|ARM64.ActiveCfg = Debug|Any CPU
		{37C1F8FE-DE22-97E6-6CF3-BA5B3E6C49CF}.Debug|ARM64.Build.0 = Debug|Any CPU
		{37C1F8FE-DE22-97E6-6CF3-BA5B3E6C49CF}.Debug|x64.ActiveCfg = Debug|Any CPU
		{37C1F8FE-DE22-97E6-6CF3-BA5B3E6C49CF}.Debug|x64.Build.0 = Debug|Any CPU
		{37C1F8FE-DE22-97E6-6CF3-BA5B3E6C49CF}.Debug|x86.ActiveCfg = Debug|Any CPU
		{37C1F8FE-DE22-97E6-6CF3-BA5B3E6C49CF}.Debug|x86.Build.0 = Debug|Any CPU
		{37C1F8FE-DE22-97E6-6CF3-BA5B3E6C49CF}.Release|ARM64.ActiveCfg = Release|Any CPU
		{37C1F8FE-DE22-97E6-6CF3-BA5B3E6C49CF}.Release|ARM64.Build.0 = Release|Any CPU
		{37C1F8FE-DE22-97E6-6CF3-BA5B3E6C49CF}.Release|x64.ActiveCfg = Release|Any CPU
		{37C1F8FE-DE22-97E6-6CF3-BA5B3E6C49CF}.Release|x64.Build.0 = Release|Any CPU
		{37C1F8FE-DE22-97E6-6CF3-BA5B3E6C49CF}.Release|x86.ActiveCfg = Release|Any CPU
		{37C1F8FE-DE22-97E6-6CF3-BA5B3E6C49CF}.Release|x86.Build.0 = Release|Any CPU
	EndGlobalSection
	GlobalSection(SolutionProperties) = preSolution
		HideSolutionNode = FALSE
	EndGlobalSection
	GlobalSection(NestedProjects) = preSolution
		{1AC39A9F-329E-4159-AD52-C7C621EE8599} = {02EA681E-C7D8-13C7-8484-4AC65E1B71E8}
		{2C66F8CD-5134-A558-5A05-D3D4825A5918} = {02EA681E-C7D8-13C7-8484-4AC65E1B71E8}
		{80918B60-71E9-4DCF-BCCC-D5F0A9BA51F9} = {11064DD0-6EF3-4589-BFD4-DC537E9DABED}
		{47FFAC2E-AC9F-4D43-B453-7A9902CCFDD2} = {74CDC9D1-7EBB-48B7-85C4-E68CEC56BF36}
		{1B329CD9-CD2D-4C29-BD30-81355E41C46B} = {F3DB8AE3-929A-480B-B00E-529C37627F47}
		{37C1F8FE-DE22-97E6-6CF3-BA5B3E6C49CF} = {02EA681E-C7D8-13C7-8484-4AC65E1B71E8}
		{74CDC9D1-7EBB-48B7-85C4-E68CEC56BF36} = {80918B60-71E9-4DCF-BCCC-D5F0A9BA51F9}
		{BB7D5AD7-DFCB-4B00-B0A6-55B33E03155F} = {80918B60-71E9-4DCF-BCCC-D5F0A9BA51F9}
		{83A35DE6-EAA7-41CE-A9AA-1ABDCF39E692} = {80918B60-71E9-4DCF-BCCC-D5F0A9BA51F9}
		{3C897853-94FB-48E5-9F4A-29003454B282} = {80918B60-71E9-4DCF-BCCC-D5F0A9BA51F9}
		{F3DB8AE3-929A-480B-B00E-529C37627F47} = {BB7D5AD7-DFCB-4B00-B0A6-55B33E03155F}
		{A9D8A719-E4E0-4921-BF47-134E9490701C} = {BB7D5AD7-DFCB-4B00-B0A6-55B33E03155F}
		{35461FFC-251D-442C-A019-591C50C46FF7} = {A9D8A719-E4E0-4921-BF47-134E9490701C}
		{E730371B-D1F5-45B6-87BF-897ED515BDC3} = {11064DD0-6EF3-4589-BFD4-DC537E9DABED}
	EndGlobalSection
	GlobalSection(ExtensibilityGlobals) = postSolution
		SolutionGuid = {F95CF33A-83CB-4D7C-9A56-85E9E545E990}
	EndGlobalSection
EndGlobal
